{
  "nodes": {
    "nixpkgs": {
      "info": {
        "lastModified": 1589389290,
        "narHash": "sha256-K5etYl0wKAPvU/B9LliwIgH/m/hYo1WyVlEIhLm8cV0="
      },
      "locked": {
        "owner": "NixOS",
        "repo": "nixpkgs",
        "rev": "d5ba826821ae7d895c6385ea99af73c7052e2e79",
        "type": "github"
      },
      "original": {
        "id": "nixpkgs",
        "type": "indirect"
      }
    },
    "root": {
      "inputs": {
        "nixpkgs": "nixpkgs"
      }
    }
  },
  "root": "root",
  "version": 5
}
